PODS:
  - auth0LoginComponent (0.1.0)

DEPENDENCIES:
  - auth0LoginComponent (from `../`)

EXTERNAL SOURCES:
  auth0LoginComponent:
    :path: "../"

SPEC CHECKSUMS:
  auth0LoginComponent: 864da33739d4d2a680bd2205ff104a3c40634eaf

PODFILE CHECKSUM: 119b32090782acd2b0011f8666b4b45a201c28ac

COCOAPODS: 1.0.0.beta.7
